
Microsoft Visual Studio Solution File, Format Version 12.00
# Visual Studio Version 16
VisualStudioVersion = 16.0.30114.105
MinimumVisualStudioVersion = 10.0.40219.1
Project("{9A19103F-16F7-4668-BE54-9A1E7A4F7556}") = "firstApp", "firstApp.csproj", "{5AEE2885-EB61-4E93-A568-894014B82968}"
EndProject
Global
	GlobalSection(SolutionConfigurationPlatforms) = preSolution
		Debug|Any CPU = Debug|Any CPU
		Release|Any CPU = Release|Any CPU
	EndGlobalSection
	GlobalSection(ProjectConfigurationPlatforms) = postSolution
		{5AEE2885-EB61-4E93-A568-894014B82968}.Debug|Any CPU.ActiveCfg = Debug|Any CPU
		{5AEE2885-EB61-4E93-A568-894014B82968}.Debug|Any CPU.Build.0 = Debug|Any CPU
		{5AEE2885-EB61-4E93-A568-894014B82968}.Release|Any CPU.ActiveCfg = Release|Any CPU
		{5AEE2885-EB61-4E93-A568-894014B82968}.Release|Any CPU.Build.0 = Release|Any CPU
	EndGlobalSection
	GlobalSection(SolutionProperties) = preSolution
		HideSolutionNode = FALSE
	EndGlobalSection
	GlobalSection(ExtensibilityGlobals) = postSolution
		SolutionGuid = {9E7183D6-3934-4FF6-BF8A-C72D3DA9091E}
	EndGlobalSection
EndGlobal
